
Microsoft Visual Studio Solution File, Format Version 12.00
# Visual Studio Version 17
VisualStudioVersion = 17.12.35707.178
MinimumVisualStudioVersion = 10.0.40219.1
Project("{FAE04EC0-301F-11D3-BF4B-00C04F79EFBC}") = "Skalmejen.UI", "Skalmejen.UI\Skalmejen.UI.csproj", "{3660889B-FFC8-4775-B43A-CF73C8D9423C}"
EndProject
Project("{FAE04EC0-301F-11D3-BF4B-00C04F79EFBC}") = "Skalmejen.Common", "Skalmejen.Common\Skalmejen.Common.csproj", "{86BD5D36-2053-4CD8-A617-C063CBA5A4F6}"
EndProject
Project("{FAE04EC0-301F-11D3-BF4B-00C04F79EFBC}") = "Skalmejen.Mobile", "Skalmejen.Mobile\Skalmejen.Mobile.csproj", "{2675AEEE-BAF0-4453-A186-59BEF80489B1}"
EndProject
Project("{FAE04EC0-301F-11D3-BF4B-00C04F79EFBC}") = "Skalmejen.Persistence", "Skalmejen.Persistence\Skalmejen.Persistence.csproj", "{BF8302C9-7C8D-4EAB-A090-B3C1AE3A0476}"
EndProject
Project("{FAE04EC0-301F-11D3-BF4B-00C04F79EFBC}") = "Skalmejen.Integration", "Skalmejen.Integration\Skalmejen.Integration.csproj", "{D2AA7DEF-B587-4D43-B6D2-46CB252AD8DF}"
EndProject
Global
	GlobalSection(SolutionConfigurationPlatforms) = preSolution
		Debug|Any CPU = Debug|Any CPU
		Release|Any CPU = Release|Any CPU
	EndGlobalSection
	GlobalSection(ProjectConfigurationPlatforms) = postSolution
		{3660889B-FFC8-4775-B43A-CF73C8D9423C}.Debug|Any CPU.ActiveCfg = Debug|Any CPU
		{3660889B-FFC8-4775-B43A-CF73C8D9423C}.Debug|Any CPU.Build.0 = Debug|Any CPU
		{3660889B-FFC8-4775-B43A-CF73C8D9423C}.Release|Any CPU.ActiveCfg = Release|Any CPU
		{3660889B-FFC8-4775-B43A-CF73C8D9423C}.Release|Any CPU.Build.0 = Release|Any CPU
		{86BD5D36-2053-4CD8-A617-C063CBA5A4F6}.Debug|Any CPU.ActiveCfg = Debug|Any CPU
		{86BD5D36-2053-4CD8-A617-C063CBA5A4F6}.Debug|Any CPU.Build.0 = Debug|Any CPU
		{86BD5D36-2053-4CD8-A617-C063CBA5A4F6}.Release|Any CPU.ActiveCfg = Release|Any CPU
		{86BD5D36-2053-4CD8-A617-C063CBA5A4F6}.Release|Any CPU.Build.0 = Release|Any CPU
		{2675AEEE-BAF0-4453-A186-59BEF80489B1}.Debug|Any CPU.ActiveCfg = Debug|Any CPU
		{2675AEEE-BAF0-4453-A186-59BEF80489B1}.Debug|Any CPU.Build.0 = Debug|Any CPU
		{2675AEEE-BAF0-4453-A186-59BEF80489B1}.Release|Any CPU.ActiveCfg = Release|Any CPU
		{2675AEEE-BAF0-4453-A186-59BEF80489B1}.Release|Any CPU.Build.0 = Release|Any CPU
		{BF8302C9-7C8D-4EAB-A090-B3C1AE3A0476}.Debug|Any CPU.ActiveCfg = Debug|Any CPU
		{BF8302C9-7C8D-4EAB-A090-B3C1AE3A0476}.Debug|Any CPU.Build.0 = Debug|Any CPU
		{BF8302C9-7C8D-4EAB-A090-B3C1AE3A0476}.Release|Any CPU.ActiveCfg = Release|Any CPU
		{BF8302C9-7C8D-4EAB-A090-B3C1AE3A0476}.Release|Any CPU.Build.0 = Release|Any CPU
		{D2AA7DEF-B587-4D43-B6D2-46CB252AD8DF}.Debug|Any CPU.ActiveCfg = Debug|Any CPU
		{D2AA7DEF-B587-4D43-B6D2-46CB252AD8DF}.Debug|Any CPU.Build.0 = Debug|Any CPU
		{D2AA7DEF-B587-4D43-B6D2-46CB252AD8DF}.Release|Any CPU.ActiveCfg = Release|Any CPU
		{D2AA7DEF-B587-4D43-B6D2-46CB252AD8DF}.Release|Any CPU.Build.0 = Release|Any CPU
	EndGlobalSection
	GlobalSection(SolutionProperties) = preSolution
		HideSolutionNode = FALSE
	EndGlobalSection
EndGlobal
